<?xml version="1.0" encoding="UTF-8"?>
<!DOCTYPE plist PUBLIC "-//Apple//DTD PLIST 1.0//EN" "http://www.apple.com/DTDs/PropertyList-1.0.dtd">
<plist version="1.0">
<dict>
	<key>archiveVersion</key>
	<string>1</string>
	<key>classes</key>
	<dict/>
	<key>objectVersion</key>
	<string>46</string>
	<key>objects</key>
	<dict>
		<key>016B17C2E78B44CB8CC71574</key>
		<dict>
			<key>includeInIndex</key>
			<string>1</string>
			<key>isa</key>
			<string>PBXFileReference</string>
			<key>path</key>
			<string>youpropapp@2x.png</string>
			<key>sourceTree</key>
			<string>&lt;group&gt;</string>
		</dict>
		<key>01B59B0F16144F2484CF5177</key>
		<dict>
			<key>includeInIndex</key>
			<string>1</string>
			<key>isa</key>
			<string>PBXFileReference</string>
			<key>path</key>
			<string>header-filtro.png</string>
			<key>sourceTree</key>
			<string>&lt;group&gt;</string>
		</dict>
		<key>0410B6D68D9A4EB68534984D</key>
		<dict>
			<key>includeInIndex</key>
			<string>1</string>
			<key>isa</key>
			<string>PBXFileReference</string>
			<key>path</key>
			<string>803-large-house-selected@2x.png</string>
			<key>sourceTree</key>
			<string>&lt;group&gt;</string>
		</dict>
		<key>04288984BE1B40B79C48AF80</key>
		<dict>
			<key>includeInIndex</key>
			<string>1</string>
			<key>isa</key>
			<string>PBXFileReference</string>
			<key>lastKnownFileType</key>
			<string>sourcecode.c.h</string>
			<key>name</key>
			<string>NSManagedObject+RKAdditions.h</string>
			<key>path</key>
			<string>RestKit/CoreData/NSManagedObject+RKAdditions.h</string>
			<key>sourceTree</key>
			<string>&lt;group&gt;</string>
		</dict>
		<key>042E7A582A134D56BBBEC28B</key>
		<dict>
			<key>fileRef</key>
			<string>6C64476B602E435080BAEE02</string>
			<key>isa</key>
			<string>PBXBuildFile</string>
		</dict>
		<key>04F6E58646064F72BADC4100</key>
		<dict>
			<key>attributes</key>
			<dict>
				<key>LastUpgradeCheck</key>
				<string>0500</string>
			</dict>
			<key>buildConfigurationList</key>
			<string>9380678735E846AFAAE499ED</string>
			<key>compatibilityVersion</key>
			<string>Xcode 3.2</string>
			<key>developmentRegion</key>
			<string>English</string>
			<key>hasScannedForEncodings</key>
			<string>0</string>
			<key>isa</key>
			<string>PBXProject</string>
			<key>knownRegions</key>
			<array>
				<string>en</string>
			</array>
			<key>mainGroup</key>
			<string>18DFAB9CB38F402BAC84D1CB</string>
			<key>productRefGroup</key>
			<string>B3F870A92AED44AF82B060E4</string>
			<key>projectDirPath</key>
			<string></string>
			<key>projectReferences</key>
			<array/>
			<key>projectRoot</key>
			<string></string>
			<key>targets</key>
			<array>
				<string>97CE2589DC8847E7B9ED392B</string>
			</array>
		</dict>
		<key>0A4E83B1F98B4A42A7D70E32</key>
		<dict>
			<key>includeInIndex</key>
			<string>1</string>
			<key>isa</key>
			<string>PBXFileReference</string>
			<key>lastKnownFileType</key>
			<string>sourcecode.c.h</string>
			<key>name</key>
			<string>RKDynamicMapping.h</string>
			<key>path</key>
			<string>RestKit/ObjectMapping/RKDynamicMapping.h</string>
			<key>sourceTree</key>
			<string>&lt;group&gt;</string>
		</dict>
		<key>101F93F1D64C4840B108A220</key>
		<dict>
			<key>includeInIndex</key>
			<string>1</string>
			<key>isa</key>
			<string>PBXFileReference</string>
			<key>path</key>
			<string>887-notepad-selected@2x.png</string>
			<key>sourceTree</key>
			<string>&lt;group&gt;</string>
		</dict>
		<key>10717ABEAAB04A85936E7FCA</key>
		<dict>
			<key>includeInIndex</key>
			<string>1</string>
			<key>isa</key>
			<string>PBXFileReference</string>
			<key>lastKnownFileType</key>
			<string>sourcecode.c.h</string>
			<key>name</key>
			<string>RKMIMETypes.h</string>
			<key>path</key>
			<string>RestKit/Support/RKMIMETypes.h</string>
			<key>sourceTree</key>
			<string>&lt;group&gt;</string>
		</dict>
		<key>1292EF86E41B458484B54637</key>
		<dict>
			<key>includeInIndex</key>
			<string>1</string>
			<key>isa</key>
			<string>PBXFileReference</string>
			<key>path</key>
			<string>Background-MidLayer.png</string>
			<key>sourceTree</key>
			<string>&lt;group&gt;</string>
		</dict>
		<key>1462370B688E4EC09C80D8C3</key>
		<dict>
			<key>includeInIndex</key>
			<string>1</string>
			<key>isa</key>
			<string>PBXFileReference</string>
			<key>lastKnownFileType</key>
			<string>sourcecode.c.h</string>
			<key>name</key>
			<string>SOCKit.h</string>
			<key>path</key>
			<string>SOCKit/SOCKit.h</string>
			<key>sourceTree</key>
			<string>&lt;group&gt;</string>
		</dict>
		<key>1760D792098944EAB2DDBB2D</key>
		<dict>
			<key>includeInIndex</key>
			<string>1</string>
			<key>isa</key>
			<string>PBXFileReference</string>
			<key>lastKnownFileType</key>
			<string>sourcecode.c.h</string>
			<key>name</key>
			<string>RKMappingOperation.h</string>
			<key>path</key>
			<string>RestKit/ObjectMapping/RKMappingOperation.h</string>
			<key>sourceTree</key>
			<string>&lt;group&gt;</string>
		</dict>
		<key>189127BE1C51428788DF663D</key>
		<dict>
			<key>includeInIndex</key>
			<string>1</string>
			<key>isa</key>
			<string>PBXFileReference</string>
			<key>lastKnownFileType</key>
			<string>sourcecode.c.h</string>
			<key>name</key>
			<string>CustomBadge.h</string>
			<key>path</key>
			<string>CustomBadge/CustomBadge.h</string>
			<key>sourceTree</key>
			<string>&lt;group&gt;</string>
		</dict>
		<key>18DFAB9CB38F402BAC84D1CB</key>
		<dict>
			<key>children</key>
			<array>
				<string>B3F870A92AED44AF82B060E4</string>
				<string>8F7815AB55CF4775A906098B</string>
				<string>D3CF59DA8AB744F2B7C74C1A</string>
				<string>2EC5FAE128CB432C84028BCD</string>
				<string>2A26BD54E4554866BEC87992</string>
			</array>
			<key>isa</key>
			<string>PBXGroup</string>
			<key>sourceTree</key>
			<string>&lt;group&gt;</string>
		</dict>
		<key>1E8D077988714CDB822A9D83</key>
		<dict>
			<key>includeInIndex</key>
			<string>1</string>
			<key>isa</key>
			<string>PBXFileReference</string>
			<key>lastKnownFileType</key>
			<string>sourcecode.c.h</string>
			<key>name</key>
			<string>RKEntityMapping.h</string>
			<key>path</key>
			<string>RestKit/CoreData/RKEntityMapping.h</string>
			<key>sourceTree</key>
			<string>&lt;group&gt;</string>
		</dict>
		<key>2025748A931D45838395F6C0</key>
		<dict>
			<key>includeInIndex</key>
			<string>1</string>
			<key>isa</key>
			<string>PBXFileReference</string>
			<key>lastKnownFileType</key>
			<string>sourcecode.c.h</string>
			<key>name</key>
			<string>RKMappingOperationDataSource.h</string>
			<key>path</key>
			<string>RestKit/ObjectMapping/RKMappingOperationDataSource.h</string>
			<key>sourceTree</key>
			<string>&lt;group&gt;</string>
		</dict>
		<key>21860D6539D24786AC19C35E</key>
		<dict>
			<key>includeInIndex</key>
			<string>1</string>
			<key>isa</key>
			<string>PBXFileReference</string>
			<key>path</key>
			<string>887-notepad@2x.png</string>
			<key>sourceTree</key>
			<string>&lt;group&gt;</string>
		</dict>
		<key>233118493630498DA492A227</key>
		<dict>
			<key>includeInIndex</key>
			<string>1</string>
			<key>isa</key>
			<string>PBXFileReference</string>
			<key>lastKnownFileType</key>
			<string>sourcecode.c.h</string>
			<key>path</key>
			<string>____Pods-ISO8601DateFormatterValueTransformer-prefix.h</string>
			<key>sourceTree</key>
			<string>&lt;group&gt;</string>
		</dict>
		<key>24F2414B49034DB6A4DE7063</key>
		<dict>
			<key>includeInIndex</key>
			<string>1</string>
			<key>isa</key>
			<string>PBXFileReference</string>
			<key>lastKnownFileType</key>
			<string>sourcecode.c.h</string>
			<key>name</key>
			<string>RKFetchRequestManagedObjectCache.h</string>
			<key>path</key>
			<string>RestKit/CoreData/RKFetchRequestManagedObjectCache.h</string>
			<key>sourceTree</key>
			<string>&lt;group&gt;</string>
		</dict>
		<key>271761066C974CD4B25BED1D</key>
		<dict>
			<key>includeInIndex</key>
			<string>1</string>
			<key>isa</key>
			<string>PBXFileReference</string>
			<key>lastKnownFileType</key>
			<string>sourcecode.c.h</string>
			<key>name</key>
			<string>RKHTTPUtilities.h</string>
			<key>path</key>
			<string>RestKit/ObjectMapping/RKHTTPUtilities.h</string>
			<key>sourceTree</key>
			<string>&lt;group&gt;</string>
		</dict>
		<key>2763BCF04A21468190548F59</key>
		<dict>
			<key>includeInIndex</key>
			<string>1</string>
			<key>isa</key>
			<string>PBXFileReference</string>
			<key>lastKnownFileType</key>
			<string>sourcecode.c.h</string>
			<key>name</key>
			<string>RKResponseDescriptor.h</string>
			<key>path</key>
			<string>RestKit/Network/RKResponseDescriptor.h</string>
			<key>sourceTree</key>
			<string>&lt;group&gt;</string>
		</dict>
		<key>28D1494B2BC248A9B378A9CA</key>
		<dict>
			<key>buildActionMask</key>
			<string>2147483647</string>
			<key>files</key>
			<array>
				<string>5CABA766AE3A4B8F9D0C720F</string>
			</array>
			<key>isa</key>
			<string>PBXSourcesBuildPhase</string>
			<key>runOnlyForDeploymentPostprocessing</key>
			<string>0</string>
		</dict>
		<key>28F6E6889CA146969D4FFE92</key>
		<dict>
			<key>includeInIndex</key>
			<string>1</string>
			<key>isa</key>
			<string>PBXFileReference</string>
			<key>lastKnownFileType</key>
			<string>sourcecode.c.h</string>
			<key>name</key>
			<string>RKURLEncodedSerialization.h</string>
			<key>path</key>
			<string>RestKit/Support/RKURLEncodedSerialization.h</string>
			<key>sourceTree</key>
			<string>&lt;group&gt;</string>
		</dict>
		<key>29C254A92F964454B9852937</key>
		<dict>
			<key>includeInIndex</key>
			<string>1</string>
			<key>isa</key>
			<string>PBXFileReference</string>
			<key>lastKnownFileType</key>
			<string>sourcecode.c.h</string>
			<key>name</key>
			<string>RKRelationshipMapping.h</string>
			<key>path</key>
			<string>RestKit/ObjectMapping/RKRelationshipMapping.h</string>
			<key>sourceTree</key>
			<string>&lt;group&gt;</string>
		</dict>
		<key>2A26BD54E4554866BEC87992</key>
		<dict>
			<key>children</key>
			<array>
				<string>4106C66B1E2440B6B7AEA528</string>
				<string>8FFA73CAF5FD4FB4B82D68B7</string>
				<string>9F9A3BDC8E4E406687C4CAD6</string>
				<string>233118493630498DA492A227</string>
				<string>C91AE0CFAA414C2FAF3ED8CC</string>
				<string>50D7E652578F4D53A02DAA03</string>
				<string>7E22DEF8B1CB4B2E80DA7CE4</string>
				<string>2BD6544F1285477DBFAEA91C</string>
				<string>EDDC5D2925BC44718098714B</string>
				<string>2E1D7C32DFFE4807BD1DA908</string>
				<string>9C7EAFAA06484DA8A99BE249</string>
				<string>372D3E1C6D7C4F3395BAB0F6</string>
				<string>40BF2534E972418AAE63E837</string>
				<string>7267D35D8999488192A9A48D</string>
				<string>503E825AD59D4CCBBBA0A588</string>
				<string>54DF492FD91E4411B5375C46</string>
				<string>AE6DC341B80E4C138DF57E47</string>
				<string>C4CB2590383C42549D27CD87</string>
				<string>AC0252AD34C1457DB4E0C301</string>
				<string>189127BE1C51428788DF663D</string>
				<string>5A46ECE362B94E07A688BFA9</string>
				<string>3BEE41B153314808BC42F50C</string>
				<string>E73639F646D6400BA7C3F534</string>
				<string>04288984BE1B40B79C48AF80</string>
				<string>5E58308DF4AC470BB695D946</string>
				<string>2A620B1E6E7D4ED185E1772E</string>
				<string>2ABBBAFBCE1E49DABD5862E7</string>
				<string>9E25B3C8036247048A8658F6</string>
				<string>1E8D077988714CDB822A9D83</string>
				<string>24F2414B49034DB6A4DE7063</string>
				<string>EBC848336FD744E5B8EEE880</string>
				<string>34598B4A68604B19B646BBD7</string>
				<string>3E97231792B94A22BACC1679</string>
				<string>D90362D0105146398C2EAE99</string>
				<string>C0D48ECE76DA4834BABB312A</string>
				<string>DC068F3353334744B9B123A4</string>
				<string>FAC4AA69CD814E568A9C4D13</string>
				<string>8C419BDE805049758926CA21</string>
				<string>796CF5FC26104D4BB58ECE9B</string>
				<string>45F455D9EAD6424395636CD4</string>
				<string>F42345FFAC704CDD8D7C15A6</string>
				<string>6C77E67398BA4050B35593E0</string>
				<string>FE07D1D6DD0D46AFB9AA7CAC</string>
				<string>BE3B8120C9E94518A8585423</string>
				<string>4EB4C8DBE1DA4B4BA41229DF</string>
				<string>54DD76DD4B9447C3A16041E2</string>
				<string>2763BCF04A21468190548F59</string>
				<string>B5325917729B4DD9BCF0711C</string>
				<string>331A7E7F45054CC0A0E45487</string>
				<string>EDDEAB9FA4B94709AD88B522</string>
				<string>58C6D0E3CACC4DB080C35D19</string>
				<string>8114571F4A3546C0B11F376E</string>
				<string>4DA9B739A599495C9116AE05</string>
				<string>0A4E83B1F98B4A42A7D70E32</string>
				<string>EA9F284D1FA6493895DAFA17</string>
				<string>271761066C974CD4B25BED1D</string>
				<string>D746CEA4D2454609A5CE7302</string>
				<string>376A195CDD5A469FB7BFFD43</string>
				<string>D692DBB71DA54750817994C8</string>
				<string>2A82FCB82B834C12B5321855</string>
				<string>1760D792098944EAB2DDBB2D</string>
				<string>2025748A931D45838395F6C0</string>
				<string>A1729728829E4C089DAE4D81</string>
				<string>F3B0A7B923334753A2CAA368</string>
				<string>7EEC08BDC1BC4623AA637657</string>
				<string>4742A27782EF4F5098206DA1</string>
				<string>B5DC94AD723442C3AB862EBC</string>
				<string>F58C58B8A4A04B3C92AB3E4C</string>
				<string>EF4775B8DF1B4FB2A0947E7B</string>
				<string>29C254A92F964454B9852937</string>
				<string>B584F255C8C841F8948681C5</string>
				<string>3C32FC29C806444FBCAA3A7E</string>
				<string>A3C093EF72EC4BD1B9FEA635</string>
				<string>3C13B46DB9654D5AB0F8789F</string>
				<string>C4A91C6BC38A40668668CFB4</string>
				<string>2D5C820088804B8495B9AA50</string>
				<string>609D159E9D4E43BE8E391329</string>
				<string>91BBCDB7A2594553B247B94C</string>
				<string>54EEC92C48584E73B314D8D4</string>
				<string>FD8992DC6DC84D9CA352C250</string>
				<string>10717ABEAAB04A85936E7FCA</string>
				<string>EE5A308A960343919C39E611</string>
				<string>9EB10B8924754C179EC9B674</string>
				<string>E61B5899CC9E4FEB84197A81</string>
				<string>6F94A25312E54ACFA8BB327F</string>
				<string>7E19EDF9DAD046718D4D3C7C</string>
				<string>602A93282DB140D39585C426</string>
				<string>C853B2570F1048548194D9B1</string>
				<string>28F6E6889CA146969D4FFE92</string>
				<string>5B8004DF7FFC4C1C93F8FA51</string>
				<string>45F4F8D4E40A435DACC0A759</string>
				<string>1462370B688E4EC09C80D8C3</string>
				<string>6EACB1BF112447EEB8790E5E</string>
				<string>B83AA18C9F3F499299A67287</string>
				<string>451453D08661419B83D07F2B</string>
				<string>D3B4071B19D44C9BB73164F4</string>
				<string>2B4311A17A51404E9800CE88</string>
				<string>D276A72B10B749AE992ED25D</string>
			</array>
			<key>isa</key>
			<string>PBXGroup</string>
			<key>name</key>
			<string>Pods</string>
			<key>path</key>
			<string>vendor/Pods/Headers</string>
			<key>sourceTree</key>
			<string>&lt;group&gt;</string>
		</dict>
		<key>2A620B1E6E7D4ED185E1772E</key>
		<dict>
			<key>includeInIndex</key>
			<string>1</string>
			<key>isa</key>
			<string>PBXFileReference</string>
			<key>lastKnownFileType</key>
			<string>sourcecode.c.h</string>
			<key>name</key>
			<string>RKConnectionDescription.h</string>
			<key>path</key>
			<string>RestKit/CoreData/RKConnectionDescription.h</string>
			<key>sourceTree</key>
			<string>&lt;group&gt;</string>
		</dict>
		<key>2A82FCB82B834C12B5321855</key>
		<dict>
			<key>includeInIndex</key>
			<string>1</string>
			<key>isa</key>
			<string>PBXFileReference</string>
			<key>lastKnownFileType</key>
			<string>sourcecode.c.h</string>
			<key>name</key>
			<string>RKMappingErrors.h</string>
			<key>path</key>
			<string>RestKit/ObjectMapping/RKMappingErrors.h</string>
			<key>sourceTree</key>
			<string>&lt;group&gt;</string>
		</dict>
		<key>2ABBBAFBCE1E49DABD5862E7</key>
		<dict>
			<key>includeInIndex</key>
			<string>1</string>
			<key>isa</key>
			<string>PBXFileReference</string>
			<key>lastKnownFileType</key>
			<string>sourcecode.c.h</string>
			<key>name</key>
			<string>RKEntityByAttributeCache.h</string>
			<key>path</key>
			<string>RestKit/CoreData/RKEntityByAttributeCache.h</string>
			<key>sourceTree</key>
			<string>&lt;group&gt;</string>
		</dict>
		<key>2B4311A17A51404E9800CE88</key>
		<dict>
			<key>includeInIndex</key>
			<string>1</string>
			<key>isa</key>
			<string>PBXFileReference</string>
			<key>lastKnownFileType</key>
			<string>sourcecode.c.h</string>
			<key>name</key>
			<string>lcl_RK.h</string>
			<key>path</key>
			<string>Vendor/LibComponentLogging/Core/lcl_RK.h</string>
			<key>sourceTree</key>
			<string>&lt;group&gt;</string>
		</dict>
		<key>2BD6544F1285477DBFAEA91C</key>
		<dict>
			<key>includeInIndex</key>
			<string>1</string>
			<key>isa</key>
			<string>PBXFileReference</string>
			<key>lastKnownFileType</key>
			<string>sourcecode.c.h</string>
			<key>path</key>
			<string>____Pods-SOCKit-prefix.h</string>
			<key>sourceTree</key>
			<string>&lt;group&gt;</string>
		</dict>
		<key>2BDF7C9A49B148D08FF44A0A</key>
		<dict>
			<key>includeInIndex</key>
			<string>1</string>
			<key>isa</key>
			<string>PBXFileReference</string>
			<key>path</key>
			<string>803-large-house-selected.png</string>
			<key>sourceTree</key>
			<string>&lt;group&gt;</string>
		</dict>
		<key>2D5C820088804B8495B9AA50</key>
		<dict>
			<key>includeInIndex</key>
			<string>1</string>
			<key>isa</key>
			<string>PBXFileReference</string>
			<key>lastKnownFileType</key>
			<string>sourcecode.c.h</string>
			<key>name</key>
			<string>RKDictionaryUtilities.h</string>
			<key>path</key>
			<string>RestKit/Support/RKDictionaryUtilities.h</string>
			<key>sourceTree</key>
			<string>&lt;group&gt;</string>
		</dict>
		<key>2E1D7C32DFFE4807BD1DA908</key>
		<dict>
			<key>includeInIndex</key>
			<string>1</string>
			<key>isa</key>
			<string>PBXFileReference</string>
			<key>lastKnownFileType</key>
			<string>sourcecode.c.h</string>
			<key>name</key>
			<string>AFHTTPClient.h</string>
			<key>path</key>
			<string>AFNetworking/AFHTTPClient.h</string>
			<key>sourceTree</key>
			<string>&lt;group&gt;</string>
		</dict>
		<key>2EC5FAE128CB432C84028BCD</key>
		<dict>
			<key>children</key>
			<array>
				<string>9DF7818035A84BFF8AC5E6F4</string>
				<string>D55AB90AF2294466853C6A9A</string>
			</array>
			<key>isa</key>
			<string>PBXGroup</string>
			<key>name</key>
			<string>Supporting Files</string>
			<key>path</key>
			<string>ib.xcodeproj</string>
			<key>sourceTree</key>
			<string>&lt;group&gt;</string>
		</dict>
		<key>331A7E7F45054CC0A0E45487</key>
		<dict>
			<key>includeInIndex</key>
			<string>1</string>
			<key>isa</key>
			<string>PBXFileReference</string>
			<key>lastKnownFileType</key>
			<string>sourcecode.c.h</string>
			<key>name</key>
			<string>RKRoute.h</string>
			<key>path</key>
			<string>RestKit/Network/RKRoute.h</string>
			<key>sourceTree</key>
			<string>&lt;group&gt;</string>
		</dict>
		<key>34598B4A68604B19B646BBD7</key>
		<dict>
			<key>includeInIndex</key>
			<string>1</string>
			<key>isa</key>
			<string>PBXFileReference</string>
			<key>lastKnownFileType</key>
			<string>sourcecode.c.h</string>
			<key>name</key>
			<string>RKManagedObjectCaching.h</string>
			<key>path</key>
			<string>RestKit/CoreData/RKManagedObjectCaching.h</string>
			<key>sourceTree</key>
			<string>&lt;group&gt;</string>
		</dict>
		<key>372D3E1C6D7C4F3395BAB0F6</key>
		<dict>
			<key>includeInIndex</key>
			<string>1</string>
			<key>isa</key>
			<string>PBXFileReference</string>
			<key>lastKnownFileType</key>
			<string>sourcecode.c.h</string>
			<key>name</key>
			<string>AFImageRequestOperation.h</string>
			<key>path</key>
			<string>AFNetworking/AFImageRequestOperation.h</string>
			<key>sourceTree</key>
			<string>&lt;group&gt;</string>
		</dict>
		<key>376A195CDD5A469FB7BFFD43</key>
		<dict>
			<key>includeInIndex</key>
			<string>1</string>
			<key>isa</key>
			<string>PBXFileReference</string>
			<key>lastKnownFileType</key>
			<string>sourcecode.c.h</string>
			<key>name</key>
			<string>RKMapperOperation_Private.h</string>
			<key>path</key>
			<string>RestKit/ObjectMapping/RKMapperOperation_Private.h</string>
			<key>sourceTree</key>
			<string>&lt;group&gt;</string>
		</dict>
		<key>3862EC785B654AABB0D7C077</key>
		<dict>
			<key>includeInIndex</key>
			<string>1</string>
			<key>isa</key>
			<string>PBXFileReference</string>
			<key>path</key>
			<string>header-filtro@2x.png</string>
			<key>sourceTree</key>
			<string>&lt;group&gt;</string>
		</dict>
		<key>3BEE41B153314808BC42F50C</key>
		<dict>
			<key>includeInIndex</key>
			<string>1</string>
			<key>isa</key>
			<string>PBXFileReference</string>
			<key>lastKnownFileType</key>
			<string>sourcecode.c.h</string>
			<key>name</key>
			<string>RKISO8601DateFormatter.h</string>
			<key>path</key>
			<string>ISO8601DateFormatterValueTransformer/RKISO8601DateFormatter.h</string>
			<key>sourceTree</key>
			<string>&lt;group&gt;</string>
		</dict>
		<key>3C13B46DB9654D5AB0F8789F</key>
		<dict>
			<key>includeInIndex</key>
			<string>1</string>
			<key>isa</key>
			<string>PBXFileReference</string>
			<key>lastKnownFileType</key>
			<string>sourcecode.c.h</string>
			<key>name</key>
			<string>lcl_config_extensions_RK.h</string>
			<key>path</key>
			<string>RestKit/Support/lcl_config_extensions_RK.h</string>
			<key>sourceTree</key>
			<string>&lt;group&gt;</string>
		</dict>
		<key>3C32FC29C806444FBCAA3A7E</key>
		<dict>
			<key>includeInIndex</key>
			<string>1</string>
			<key>isa</key>
			<string>PBXFileReference</string>
			<key>lastKnownFileType</key>
			<string>sourcecode.c.h</string>
			<key>name</key>
			<string>RestKit.h</string>
			<key>path</key>
			<string>RestKit/RestKit.h</string>
			<key>sourceTree</key>
			<string>&lt;group&gt;</string>
		</dict>
		<key>3E97231792B94A22BACC1679</key>
		<dict>
			<key>includeInIndex</key>
			<string>1</string>
			<key>isa</key>
			<string>PBXFileReference</string>
			<key>lastKnownFileType</key>
			<string>sourcecode.c.h</string>
			<key>name</key>
			<string>RKManagedObjectImporter.h</string>
			<key>path</key>
			<string>RestKit/CoreData/RKManagedObjectImporter.h</string>
			<key>sourceTree</key>
			<string>&lt;group&gt;</string>
		</dict>
		<key>40BF2534E972418AAE63E837</key>
		<dict>
			<key>includeInIndex</key>
			<string>1</string>
			<key>isa</key>
			<string>PBXFileReference</string>
			<key>lastKnownFileType</key>
			<string>sourcecode.c.h</string>
			<key>name</key>
			<string>AFJSONRequestOperation.h</string>
			<key>path</key>
			<string>AFNetworking/AFJSONRequestOperation.h</string>
			<key>sourceTree</key>
			<string>&lt;group&gt;</string>
		</dict>
		<key>4106C66B1E2440B6B7AEA528</key>
		<dict>
			<key>includeInIndex</key>
			<string>1</string>
			<key>isa</key>
			<string>PBXFileReference</string>
			<key>lastKnownFileType</key>
			<string>sourcecode.c.h</string>
			<key>path</key>
			<string>____Pods-AFNetworking-prefix.h</string>
			<key>sourceTree</key>
			<string>&lt;group&gt;</string>
		</dict>
		<key>451453D08661419B83D07F2B</key>
		<dict>
			<key>includeInIndex</key>
			<string>1</string>
			<key>isa</key>
			<string>PBXFileReference</string>
			<key>lastKnownFileType</key>
			<string>sourcecode.c.h</string>
			<key>name</key>
			<string>TKStateMachine.h</string>
			<key>path</key>
			<string>TransitionKit/TKStateMachine.h</string>
			<key>sourceTree</key>
			<string>&lt;group&gt;</string>
		</dict>
		<key>45F455D9EAD6424395636CD4</key>
		<dict>
			<key>includeInIndex</key>
			<string>1</string>
			<key>isa</key>
			<string>PBXFileReference</string>
			<key>lastKnownFileType</key>
			<string>sourcecode.c.h</string>
			<key>name</key>
			<string>RKManagedObjectRequestOperation.h</string>
			<key>path</key>
			<string>RestKit/Network/RKManagedObjectRequestOperation.h</string>
			<key>sourceTree</key>
			<string>&lt;group&gt;</string>
		</dict>
		<key>45F4F8D4E40A435DACC0A759</key>
		<dict>
			<key>includeInIndex</key>
			<string>1</string>
			<key>isa</key>
			<string>PBXFileReference</string>
			<key>lastKnownFileType</key>
			<string>sourcecode.c.h</string>
			<key>name</key>
			<string>RKValueTransformers.h</string>
			<key>path</key>
			<string>RKValueTransformers/RKValueTransformers.h</string>
			<key>sourceTree</key>
			<string>&lt;group&gt;</string>
		</dict>
		<key>4742A27782EF4F5098206DA1</key>
		<dict>
			<key>includeInIndex</key>
			<string>1</string>
			<key>isa</key>
			<string>PBXFileReference</string>
			<key>lastKnownFileType</key>
			<string>sourcecode.c.h</string>
			<key>name</key>
			<string>RKObjectMappingOperationDataSource.h</string>
			<key>path</key>
			<string>RestKit/ObjectMapping/RKObjectMappingOperationDataSource.h</string>
			<key>sourceTree</key>
			<string>&lt;group&gt;</string>
		</dict>
		<key>4BCBCC1A4AE442BC9FC1AA61</key>
		<dict>
			<key>includeInIndex</key>
			<string>1</string>
			<key>isa</key>
			<string>PBXFileReference</string>
			<key>path</key>
			<string>Background-LowerLayer@2x.png</string>
			<key>sourceTree</key>
			<string>&lt;group&gt;</string>
		</dict>
		<key>4DA9B739A599495C9116AE05</key>
		<dict>
			<key>includeInIndex</key>
			<string>1</string>
			<key>isa</key>
			<string>PBXFileReference</string>
			<key>lastKnownFileType</key>
			<string>sourcecode.c.h</string>
			<key>name</key>
			<string>RKAttributeMapping.h</string>
			<key>path</key>
			<string>RestKit/ObjectMapping/RKAttributeMapping.h</string>
			<key>sourceTree</key>
			<string>&lt;group&gt;</string>
		</dict>
		<key>4EB4C8DBE1DA4B4BA41229DF</key>
		<dict>
			<key>includeInIndex</key>
			<string>1</string>
			<key>isa</key>
			<string>PBXFileReference</string>
			<key>lastKnownFileType</key>
			<string>sourcecode.c.h</string>
			<key>name</key>
			<string>RKPaginator.h</string>
			<key>path</key>
			<string>RestKit/Network/RKPaginator.h</string>
			<key>sourceTree</key>
			<string>&lt;group&gt;</string>
		</dict>
		<key>503039DF392F46358939C19B</key>
		<dict>
			<key>fileRef</key>
			<string>899DE87C19AB4DD09053363A</string>
			<key>isa</key>
			<string>PBXBuildFile</string>
		</dict>
		<key>503E825AD59D4CCBBBA0A588</key>
		<dict>
			<key>includeInIndex</key>
			<string>1</string>
			<key>isa</key>
			<string>PBXFileReference</string>
			<key>lastKnownFileType</key>
			<string>sourcecode.c.h</string>
			<key>name</key>
			<string>AFNetworking.h</string>
			<key>path</key>
			<string>AFNetworking/AFNetworking.h</string>
			<key>sourceTree</key>
			<string>&lt;group&gt;</string>
		</dict>
		<key>50D7E652578F4D53A02DAA03</key>
		<dict>
			<key>includeInIndex</key>
			<string>1</string>
			<key>isa</key>
			<string>PBXFileReference</string>
			<key>lastKnownFileType</key>
			<string>sourcecode.c.h</string>
			<key>path</key>
			<string>____Pods-RestKit-prefix.h</string>
			<key>sourceTree</key>
			<string>&lt;group&gt;</string>
		</dict>
		<key>52F9B917C1CC410CB7479A3A</key>
		<dict>
			<key>includeInIndex</key>
			<string>1</string>
			<key>isa</key>
			<string>PBXFileReference</string>
			<key>path</key>
			<string>it.lproj</string>
			<key>sourceTree</key>
			<string>&lt;group&gt;</string>
		</dict>
		<key>54DD76DD4B9447C3A16041E2</key>
		<dict>
			<key>includeInIndex</key>
			<string>1</string>
			<key>isa</key>
			<string>PBXFileReference</string>
			<key>lastKnownFileType</key>
			<string>sourcecode.c.h</string>
			<key>name</key>
			<string>RKRequestDescriptor.h</string>
			<key>path</key>
			<string>RestKit/Network/RKRequestDescriptor.h</string>
			<key>sourceTree</key>
			<string>&lt;group&gt;</string>
		</dict>
		<key>54DF492FD91E4411B5375C46</key>
		<dict>
			<key>includeInIndex</key>
			<string>1</string>
			<key>isa</key>
			<string>PBXFileReference</string>
			<key>lastKnownFileType</key>
			<string>sourcecode.c.h</string>
			<key>name</key>
			<string>AFPropertyListRequestOperation.h</string>
			<key>path</key>
			<string>AFNetworking/AFPropertyListRequestOperation.h</string>
			<key>sourceTree</key>
			<string>&lt;group&gt;</string>
		</dict>
		<key>54EEC92C48584E73B314D8D4</key>
		<dict>
			<key>includeInIndex</key>
			<string>1</string>
			<key>isa</key>
			<string>PBXFileReference</string>
			<key>lastKnownFileType</key>
			<string>sourcecode.c.h</string>
			<key>name</key>
			<string>RKLog.h</string>
			<key>path</key>
			<string>RestKit/Support/RKLog.h</string>
			<key>sourceTree</key>
			<string>&lt;group&gt;</string>
		</dict>
		<key>5598F920250D459F8646EF9B</key>
		<dict>
			<key>explicitFileType</key>
			<string>archive.ar</string>
			<key>includeInIndex</key>
			<string>0</string>
			<key>isa</key>
			<string>PBXFileReference</string>
			<key>path</key>
			<string>libib.a</string>
			<key>sourceTree</key>
			<string>BUILT_PRODUCTS_DIR</string>
		</dict>
		<key>58C6D0E3CACC4DB080C35D19</key>
		<dict>
			<key>includeInIndex</key>
			<string>1</string>
			<key>isa</key>
			<string>PBXFileReference</string>
			<key>lastKnownFileType</key>
			<string>sourcecode.c.h</string>
			<key>name</key>
			<string>RKRouteSet.h</string>
			<key>path</key>
			<string>RestKit/Network/RKRouteSet.h</string>
			<key>sourceTree</key>
			<string>&lt;group&gt;</string>
		</dict>
		<key>5A46ECE362B94E07A688BFA9</key>
		<dict>
			<key>includeInIndex</key>
			<string>1</string>
			<key>isa</key>
			<string>PBXFileReference</string>
			<key>lastKnownFileType</key>
			<string>sourcecode.c.h</string>
			<key>name</key>
			<string>ISO8601DateFormatterValueTransformer.h</string>
			<key>path</key>
			<string>ISO8601DateFormatterValueTransformer/ISO8601DateFormatterValueTransformer.h</string>
			<key>sourceTree</key>
			<string>&lt;group&gt;</string>
		</dict>
		<key>5B8004DF7FFC4C1C93F8FA51</key>
		<dict>
			<key>includeInIndex</key>
			<string>1</string>
			<key>isa</key>
			<string>PBXFileReference</string>
			<key>lastKnownFileType</key>
			<string>sourcecode.c.h</string>
			<key>name</key>
			<string>Support.h</string>
			<key>path</key>
			<string>RestKit/Support.h</string>
			<key>sourceTree</key>
			<string>&lt;group&gt;</string>
		</dict>
		<key>5CABA766AE3A4B8F9D0C720F</key>
		<dict>
			<key>fileRef</key>
			<string>D55AB90AF2294466853C6A9A</string>
			<key>isa</key>
			<string>PBXBuildFile</string>
		</dict>
		<key>5DEE4B355EEB4F7BB34C53B0</key>
		<dict>
			<key>includeInIndex</key>
			<string>1</string>
			<key>isa</key>
			<string>PBXFileReference</string>
			<key>path</key>
			<string>youpropapp.png</string>
			<key>sourceTree</key>
			<string>&lt;group&gt;</string>
		</dict>
		<key>5E58308DF4AC470BB695D946</key>
		<dict>
			<key>includeInIndex</key>
			<string>1</string>
			<key>isa</key>
			<string>PBXFileReference</string>
			<key>lastKnownFileType</key>
			<string>sourcecode.c.h</string>
			<key>name</key>
			<string>NSManagedObjectContext+RKAdditions.h</string>
			<key>path</key>
			<string>RestKit/CoreData/NSManagedObjectContext+RKAdditions.h</string>
			<key>sourceTree</key>
			<string>&lt;group&gt;</string>
		</dict>
		<key>602A93282DB140D39585C426</key>
		<dict>
			<key>includeInIndex</key>
			<string>1</string>
			<key>isa</key>
			<string>PBXFileReference</string>
			<key>lastKnownFileType</key>
			<string>sourcecode.c.h</string>
			<key>name</key>
			<string>RKSerialization.h</string>
			<key>path</key>
			<string>RestKit/Support/RKSerialization.h</string>
			<key>sourceTree</key>
			<string>&lt;group&gt;</string>
		</dict>
		<key>609D159E9D4E43BE8E391329</key>
		<dict>
			<key>includeInIndex</key>
			<string>1</string>
			<key>isa</key>
			<string>PBXFileReference</string>
			<key>lastKnownFileType</key>
			<string>sourcecode.c.h</string>
			<key>name</key>
			<string>RKDotNetDateFormatter.h</string>
			<key>path</key>
			<string>RestKit/Support/RKDotNetDateFormatter.h</string>
			<key>sourceTree</key>
			<string>&lt;group&gt;</string>
		</dict>
		<key>61FE46A397874261BB2D0BB5</key>
		<dict>
			<key>buildSettings</key>
			<dict/>
			<key>isa</key>
			<string>XCBuildConfiguration</string>
			<key>name</key>
			<string>Release</string>
		</dict>
		<key>6924C33AF4D6409EA150204F</key>
		<dict>
			<key>buildSettings</key>
			<dict>
				<key>ONLY_ACTIVE_ARCH</key>
				<string>YES</string>
			</dict>
			<key>isa</key>
			<string>XCBuildConfiguration</string>
			<key>name</key>
			<string>Debug</string>
		</dict>
		<key>6C64476B602E435080BAEE02</key>
		<dict>
			<key>isa</key>
			<string>PBXFileReference</string>
			<key>lastKnownFileType</key>
			<string>wrapper.framework</string>
			<key>name</key>
			<string>Foundation.framework</string>
			<key>path</key>
			<string>System/Library/Frameworks/Foundation.framework</string>
			<key>sourceTree</key>
			<string>SDKROOT</string>
		</dict>
		<key>6C77E67398BA4050B35593E0</key>
		<dict>
			<key>includeInIndex</key>
			<string>1</string>
			<key>isa</key>
			<string>PBXFileReference</string>
			<key>lastKnownFileType</key>
			<string>sourcecode.c.h</string>
			<key>name</key>
			<string>RKObjectParameterization.h</string>
			<key>path</key>
			<string>RestKit/Network/RKObjectParameterization.h</string>
			<key>sourceTree</key>
			<string>&lt;group&gt;</string>
		</dict>
		<key>6EACB1BF112447EEB8790E5E</key>
		<dict>
			<key>includeInIndex</key>
			<string>1</string>
			<key>isa</key>
			<string>PBXFileReference</string>
			<key>lastKnownFileType</key>
			<string>sourcecode.c.h</string>
			<key>name</key>
			<string>TKEvent.h</string>
			<key>path</key>
			<string>TransitionKit/TKEvent.h</string>
			<key>sourceTree</key>
			<string>&lt;group&gt;</string>
		</dict>
		<key>6F94A25312E54ACFA8BB327F</key>
		<dict>
			<key>includeInIndex</key>
			<string>1</string>
			<key>isa</key>
			<string>PBXFileReference</string>
			<key>lastKnownFileType</key>
			<string>sourcecode.c.h</string>
			<key>name</key>
			<string>RKPathMatcher.h</string>
			<key>path</key>
			<string>RestKit/Support/RKPathMatcher.h</string>
			<key>sourceTree</key>
			<string>&lt;group&gt;</string>
		</dict>
		<key>7267D35D8999488192A9A48D</key>
		<dict>
			<key>includeInIndex</key>
			<string>1</string>
			<key>isa</key>
			<string>PBXFileReference</string>
			<key>lastKnownFileType</key>
			<string>sourcecode.c.h</string>
			<key>name</key>
			<string>AFNetworkActivityIndicatorManager.h</string>
			<key>path</key>
			<string>AFNetworking/AFNetworkActivityIndicatorManager.h</string>
			<key>sourceTree</key>
			<string>&lt;group&gt;</string>
		</dict>
		<key>75CEB0946B2F4E2B8C169A42</key>
		<dict>
			<key>buildActionMask</key>
			<string>2147483647</string>
			<key>files</key>
			<array>
				<string>042E7A582A134D56BBBEC28B</string>
				<string>7E517F4714E24752A2FD5A4B</string>
				<string>503039DF392F46358939C19B</string>
				<string>95EC9D720DC244C2A0C3FC55</string>
			</array>
			<key>isa</key>
			<string>PBXFrameworksBuildPhase</string>
			<key>runOnlyForDeploymentPostprocessing</key>
			<string>0</string>
		</dict>
		<key>796CF5FC26104D4BB58ECE9B</key>
		<dict>
			<key>includeInIndex</key>
			<string>1</string>
			<key>isa</key>
			<string>PBXFileReference</string>
			<key>lastKnownFileType</key>
			<string>sourcecode.c.h</string>
			<key>name</key>
			<string>RKHTTPRequestOperation.h</string>
			<key>path</key>
			<string>RestKit/Network/RKHTTPRequestOperation.h</string>
			<key>sourceTree</key>
			<string>&lt;group&gt;</string>
		</dict>
		<key>7A9E0669FE894AA1BECA0F02</key>
		<dict>
			<key>includeInIndex</key>
			<string>1</string>
			<key>isa</key>
			<string>PBXFileReference</string>
			<key>path</key>
			<string>Background-LowerLayer.png</string>
			<key>sourceTree</key>
			<string>&lt;group&gt;</string>
		</dict>
		<key>7BA0DACFF2564475954B72B2</key>
		<dict>
			<key>includeInIndex</key>
			<string>1</string>
			<key>isa</key>
			<string>PBXFileReference</string>
			<key>path</key>
			<string>826-money-1-selected.png</string>
			<key>sourceTree</key>
			<string>&lt;group&gt;</string>
		</dict>
		<key>7CC1EBAC9E7F472295529BC7</key>
		<dict>
			<key>includeInIndex</key>
			<string>1</string>
			<key>isa</key>
			<string>PBXFileReference</string>
			<key>path</key>
			<string>732-cloud-upload.png</string>
			<key>sourceTree</key>
			<string>&lt;group&gt;</string>
		</dict>
		<key>7E19EDF9DAD046718D4D3C7C</key>
		<dict>
			<key>includeInIndex</key>
			<string>1</string>
			<key>isa</key>
			<string>PBXFileReference</string>
			<key>lastKnownFileType</key>
			<string>sourcecode.c.h</string>
			<key>name</key>
			<string>RKPathUtilities.h</string>
			<key>path</key>
			<string>RestKit/Support/RKPathUtilities.h</string>
			<key>sourceTree</key>
			<string>&lt;group&gt;</string>
		</dict>
		<key>7E22DEF8B1CB4B2E80DA7CE4</key>
		<dict>
			<key>includeInIndex</key>
			<string>1</string>
			<key>isa</key>
			<string>PBXFileReference</string>
			<key>lastKnownFileType</key>
			<string>sourcecode.c.h</string>
			<key>path</key>
			<string>____Pods-RKValueTransformers-prefix.h</string>
			<key>sourceTree</key>
			<string>&lt;group&gt;</string>
		</dict>
		<key>7E517F4714E24752A2FD5A4B</key>
		<dict>
			<key>fileRef</key>
			<string>91FB27676FA4401F9DC2B701</string>
			<key>isa</key>
			<string>PBXBuildFile</string>
		</dict>
		<key>7EEC08BDC1BC4623AA637657</key>
		<dict>
			<key>includeInIndex</key>
			<string>1</string>
			<key>isa</key>
			<string>PBXFileReference</string>
			<key>lastKnownFileType</key>
			<string>sourcecode.c.h</string>
			<key>name</key>
			<string>RKObjectMappingMatcher.h</string>
			<key>path</key>
			<string>RestKit/ObjectMapping/RKObjectMappingMatcher.h</string>
			<key>sourceTree</key>
			<string>&lt;group&gt;</string>
		</dict>
		<key>8114571F4A3546C0B11F376E</key>
		<dict>
			<key>includeInIndex</key>
			<string>1</string>
			<key>isa</key>
			<string>PBXFileReference</string>
			<key>lastKnownFileType</key>
			<string>sourcecode.c.h</string>
			<key>name</key>
			<string>Network.h</string>
			<key>path</key>
			<string>RestKit/Network.h</string>
			<key>sourceTree</key>
			<string>&lt;group&gt;</string>
		</dict>
		<key>812942AAC91D483EBC3AE7B7</key>
		<dict>
			<key>includeInIndex</key>
			<string>1</string>
			<key>isa</key>
			<string>PBXFileReference</string>
			<key>path</key>
			<string>732-cloud-upload@2x.png</string>
			<key>sourceTree</key>
			<string>&lt;group&gt;</string>
		</dict>
		<key>850A5CF34B3A45F99CE7A7D6</key>
		<dict>
			<key>includeInIndex</key>
			<string>1</string>
			<key>isa</key>
			<string>PBXFileReference</string>
			<key>path</key>
			<string>887-notepad-selected.png</string>
			<key>sourceTree</key>
			<string>&lt;group&gt;</string>
		</dict>
		<key>899DE87C19AB4DD09053363A</key>
		<dict>
			<key>isa</key>
			<string>PBXFileReference</string>
			<key>lastKnownFileType</key>
			<string>wrapper.framework</string>
			<key>name</key>
			<string>CoreGraphics.framework</string>
			<key>path</key>
			<string>System/Library/Frameworks/CoreGraphics.framework</string>
			<key>sourceTree</key>
			<string>SDKROOT</string>
		</dict>
		<key>8C419BDE805049758926CA21</key>
		<dict>
			<key>includeInIndex</key>
			<string>1</string>
			<key>isa</key>
			<string>PBXFileReference</string>
			<key>lastKnownFileType</key>
			<string>sourcecode.c.h</string>
			<key>name</key>
			<string>CoreData.h</string>
			<key>path</key>
			<string>RestKit/CoreData.h</string>
			<key>sourceTree</key>
			<string>&lt;group&gt;</string>
		</dict>
		<key>8F7815AB55CF4775A906098B</key>
		<dict>
			<key>children</key>
			<array>
				<string>6C64476B602E435080BAEE02</string>
				<string>91FB27676FA4401F9DC2B701</string>
				<string>899DE87C19AB4DD09053363A</string>
				<string>D07938ACF4F0401D8DF3B59D</string>
			</array>
			<key>isa</key>
			<string>PBXGroup</string>
			<key>name</key>
			<string>Frameworks</string>
			<key>sourceTree</key>
			<string>&lt;group&gt;</string>
		</dict>
		<key>8FFA73CAF5FD4FB4B82D68B7</key>
		<dict>
			<key>includeInIndex</key>
			<string>1</string>
			<key>isa</key>
			<string>PBXFileReference</string>
			<key>lastKnownFileType</key>
			<string>sourcecode.c.h</string>
			<key>path</key>
			<string>____Pods-CustomBadge-prefix.h</string>
			<key>sourceTree</key>
			<string>&lt;group&gt;</string>
		</dict>
		<key>91BBCDB7A2594553B247B94C</key>
		<dict>
			<key>includeInIndex</key>
			<string>1</string>
			<key>isa</key>
			<string>PBXFileReference</string>
			<key>lastKnownFileType</key>
			<string>sourcecode.c.h</string>
			<key>name</key>
			<string>RKErrors.h</string>
			<key>path</key>
			<string>RestKit/Support/RKErrors.h</string>
			<key>sourceTree</key>
			<string>&lt;group&gt;</string>
		</dict>
		<key>91FB27676FA4401F9DC2B701</key>
		<dict>
			<key>isa</key>
			<string>PBXFileReference</string>
			<key>lastKnownFileType</key>
			<string>wrapper.framework</string>
			<key>name</key>
			<string>QuartzCore.framework</string>
			<key>path</key>
			<string>System/Library/Frameworks/QuartzCore.framework</string>
			<key>sourceTree</key>
			<string>SDKROOT</string>
		</dict>
		<key>9380678735E846AFAAE499ED</key>
		<dict>
			<key>buildConfigurations</key>
			<array>
				<string>6924C33AF4D6409EA150204F</string>
				<string>61FE46A397874261BB2D0BB5</string>
			</array>
			<key>defaultConfigurationIsVisible</key>
			<string>0</string>
			<key>defaultConfigurationName</key>
			<string>Release</string>
			<key>isa</key>
			<string>XCConfigurationList</string>
		</dict>
		<key>94B77033F0524505B41EB658</key>
		<dict>
			<key>includeInIndex</key>
			<string>1</string>
			<key>isa</key>
			<string>PBXFileReference</string>
			<key>path</key>
			<string>completato.png</string>
			<key>sourceTree</key>
			<string>&lt;group&gt;</string>
		</dict>
		<key>95EC9D720DC244C2A0C3FC55</key>
		<dict>
			<key>fileRef</key>
			<string>D07938ACF4F0401D8DF3B59D</string>
			<key>isa</key>
			<string>PBXBuildFile</string>
		</dict>
		<key>96EDE396D44F491181EADFB2</key>
		<dict>
			<key>includeInIndex</key>
			<string>1</string>
			<key>isa</key>
			<string>PBXFileReference</string>
			<key>path</key>
			<string>826-money-1.png</string>
			<key>sourceTree</key>
			<string>&lt;group&gt;</string>
		</dict>
		<key>97CE2589DC8847E7B9ED392B</key>
		<dict>
			<key>buildConfigurationList</key>
			<string>D3128B6693714BBE8AB18FBD</string>
			<key>buildPhases</key>
			<array>
				<string>28D1494B2BC248A9B378A9CA</string>
				<string>75CEB0946B2F4E2B8C169A42</string>
			</array>
			<key>buildRules</key>
			<array/>
			<key>dependencies</key>
			<array/>
			<key>isa</key>
			<string>PBXNativeTarget</string>
			<key>name</key>
			<string>ib</string>
			<key>productName</key>
			<string>ib</string>
			<key>productReference</key>
			<string>5598F920250D459F8646EF9B</string>
			<key>productType</key>
			<string>com.apple.product-type.library.static</string>
		</dict>
		<key>9C7EAFAA06484DA8A99BE249</key>
		<dict>
			<key>includeInIndex</key>
			<string>1</string>
			<key>isa</key>
			<string>PBXFileReference</string>
			<key>lastKnownFileType</key>
			<string>sourcecode.c.h</string>
			<key>name</key>
			<string>AFHTTPRequestOperation.h</string>
			<key>path</key>
			<string>AFNetworking/AFHTTPRequestOperation.h</string>
			<key>sourceTree</key>
			<string>&lt;group&gt;</string>
		</dict>
		<key>9DF7818035A84BFF8AC5E6F4</key>
		<dict>
			<key>includeInIndex</key>
			<string>1</string>
			<key>isa</key>
			<string>PBXFileReference</string>
			<key>lastKnownFileType</key>
			<string>sourcecode.c.h</string>
			<key>path</key>
			<string>Stubs.h</string>
			<key>sourceTree</key>
			<string>&lt;group&gt;</string>
		</dict>
		<key>9E25B3C8036247048A8658F6</key>
		<dict>
			<key>includeInIndex</key>
			<string>1</string>
			<key>isa</key>
			<string>PBXFileReference</string>
			<key>lastKnownFileType</key>
			<string>sourcecode.c.h</string>
			<key>name</key>
			<string>RKEntityCache.h</string>
			<key>path</key>
			<string>RestKit/CoreData/RKEntityCache.h</string>
			<key>sourceTree</key>
			<string>&lt;group&gt;</string>
		</dict>
		<key>9E86C4896D3E4C5DA8584567</key>
		<dict>
			<key>includeInIndex</key>
			<string>1</string>
			<key>isa</key>
			<string>PBXFileReference</string>
			<key>path</key>
			<string>803-large-house@2x.png</string>
			<key>sourceTree</key>
			<string>&lt;group&gt;</string>
		</dict>
		<key>9EB10B8924754C179EC9B674</key>
		<dict>
			<key>includeInIndex</key>
			<string>1</string>
			<key>isa</key>
			<string>PBXFileReference</string>
			<key>lastKnownFileType</key>
			<string>sourcecode.c.h</string>
			<key>name</key>
			<string>RKNSJSONSerialization.h</string>
			<key>path</key>
			<string>RestKit/Support/RKNSJSONSerialization.h</string>
			<key>sourceTree</key>
			<string>&lt;group&gt;</string>
		</dict>
		<key>9F9A3BDC8E4E406687C4CAD6</key>
		<dict>
			<key>includeInIndex</key>
			<string>1</string>
			<key>isa</key>
			<string>PBXFileReference</string>
			<key>lastKnownFileType</key>
			<string>sourcecode.c.h</string>
			<key>path</key>
			<string>____Pods-environment.h</string>
			<key>sourceTree</key>
			<string>&lt;group&gt;</string>
		</dict>
		<key>A1729728829E4C089DAE4D81</key>
		<dict>
			<key>includeInIndex</key>
			<string>1</string>
			<key>isa</key>
			<string>PBXFileReference</string>
			<key>lastKnownFileType</key>
			<string>sourcecode.c.h</string>
			<key>name</key>
			<string>RKMappingResult.h</string>
			<key>path</key>
			<string>RestKit/ObjectMapping/RKMappingResult.h</string>
			<key>sourceTree</key>
			<string>&lt;group&gt;</string>
		</dict>
		<key>A3C093EF72EC4BD1B9FEA635</key>
		<dict>
			<key>includeInIndex</key>
			<string>1</string>
			<key>isa</key>
			<string>PBXFileReference</string>
			<key>lastKnownFileType</key>
			<string>sourcecode.c.h</string>
			<key>name</key>
			<string>lcl_config_components_RK.h</string>
			<key>path</key>
			<string>RestKit/Support/lcl_config_components_RK.h</string>
			<key>sourceTree</key>
			<string>&lt;group&gt;</string>
		</dict>
		<key>A5F61CC808C342929F1581BF</key>
		<dict>
			<key>includeInIndex</key>
			<string>1</string>
			<key>isa</key>
			<string>PBXFileReference</string>
			<key>path</key>
			<string>826-money-1@2x.png</string>
			<key>sourceTree</key>
			<string>&lt;group&gt;</string>
		</dict>
		<key>AC0252AD34C1457DB4E0C301</key>
		<dict>
			<key>includeInIndex</key>
			<string>1</string>
			<key>isa</key>
			<string>PBXFileReference</string>
			<key>lastKnownFileType</key>
			<string>sourcecode.c.h</string>
			<key>name</key>
			<string>UIImageView+AFNetworking.h</string>
			<key>path</key>
			<string>AFNetworking/UIImageView+AFNetworking.h</string>
			<key>sourceTree</key>
			<string>&lt;group&gt;</string>
		</dict>
		<key>AE6DC341B80E4C138DF57E47</key>
		<dict>
			<key>includeInIndex</key>
			<string>1</string>
			<key>isa</key>
			<string>PBXFileReference</string>
			<key>lastKnownFileType</key>
			<string>sourcecode.c.h</string>
			<key>name</key>
			<string>AFURLConnectionOperation.h</string>
			<key>path</key>
			<string>AFNetworking/AFURLConnectionOperation.h</string>
			<key>sourceTree</key>
			<string>&lt;group&gt;</string>
		</dict>
		<key>B3F870A92AED44AF82B060E4</key>
		<dict>
			<key>children</key>
			<array>
				<string>5598F920250D459F8646EF9B</string>
			</array>
			<key>isa</key>
			<string>PBXGroup</string>
			<key>name</key>
			<string>Products</string>
			<key>sourceTree</key>
			<string>&lt;group&gt;</string>
		</dict>
		<key>B5325917729B4DD9BCF0711C</key>
		<dict>
			<key>includeInIndex</key>
			<string>1</string>
			<key>isa</key>
			<string>PBXFileReference</string>
			<key>lastKnownFileType</key>
			<string>sourcecode.c.h</string>
			<key>name</key>
			<string>RKResponseMapperOperation.h</string>
			<key>path</key>
			<string>RestKit/Network/RKResponseMapperOperation.h</string>
			<key>sourceTree</key>
			<string>&lt;group&gt;</string>
		</dict>
		<key>B584F255C8C841F8948681C5</key>
		<dict>
			<key>includeInIndex</key>
			<string>1</string>
			<key>isa</key>
			<string>PBXFileReference</string>
			<key>lastKnownFileType</key>
			<string>sourcecode.c.h</string>
			<key>name</key>
			<string>ObjectMapping.h</string>
			<key>path</key>
			<string>RestKit/ObjectMapping.h</string>
			<key>sourceTree</key>
			<string>&lt;group&gt;</string>
		</dict>
		<key>B5DC94AD723442C3AB862EBC</key>
		<dict>
			<key>includeInIndex</key>
			<string>1</string>
			<key>isa</key>
			<string>PBXFileReference</string>
			<key>lastKnownFileType</key>
			<string>sourcecode.c.h</string>
			<key>name</key>
			<string>RKObjectUtilities.h</string>
			<key>path</key>
			<string>RestKit/ObjectMapping/RKObjectUtilities.h</string>
			<key>sourceTree</key>
			<string>&lt;group&gt;</string>
		</dict>
		<key>B73B009997A4436A8B670F8C</key>
		<dict>
			<key>includeInIndex</key>
			<string>1</string>
			<key>isa</key>
			<string>PBXFileReference</string>
			<key>path</key>
			<string>Sarnie.png</string>
			<key>sourceTree</key>
			<string>&lt;group&gt;</string>
		</dict>
		<key>B83AA18C9F3F499299A67287</key>
		<dict>
			<key>includeInIndex</key>
			<string>1</string>
			<key>isa</key>
			<string>PBXFileReference</string>
			<key>lastKnownFileType</key>
			<string>sourcecode.c.h</string>
			<key>name</key>
			<string>TKState.h</string>
			<key>path</key>
			<string>TransitionKit/TKState.h</string>
			<key>sourceTree</key>
			<string>&lt;group&gt;</string>
		</dict>
		<key>BE3B8120C9E94518A8585423</key>
		<dict>
			<key>includeInIndex</key>
			<string>1</string>
			<key>isa</key>
			<string>PBXFileReference</string>
			<key>lastKnownFileType</key>
			<string>sourcecode.c.h</string>
			<key>name</key>
			<string>RKObjectRequestOperationSubclass.h</string>
			<key>path</key>
			<string>RestKit/Network/RKObjectRequestOperationSubclass.h</string>
			<key>sourceTree</key>
			<string>&lt;group&gt;</string>
		</dict>
		<key>C0D48ECE76DA4834BABB312A</key>
		<dict>
			<key>includeInIndex</key>
			<string>1</string>
			<key>isa</key>
			<string>PBXFileReference</string>
			<key>lastKnownFileType</key>
			<string>sourcecode.c.h</string>
			<key>name</key>
			<string>RKManagedObjectStore.h</string>
			<key>path</key>
			<string>RestKit/CoreData/RKManagedObjectStore.h</string>
			<key>sourceTree</key>
			<string>&lt;group&gt;</string>
		</dict>
		<key>C4A91C6BC38A40668668CFB4</key>
		<dict>
			<key>includeInIndex</key>
			<string>1</string>
			<key>isa</key>
			<string>PBXFileReference</string>
			<key>lastKnownFileType</key>
			<string>sourcecode.c.h</string>
			<key>name</key>
			<string>lcl_config_logger_RK.h</string>
			<key>path</key>
			<string>RestKit/Support/lcl_config_logger_RK.h</string>
			<key>sourceTree</key>
			<string>&lt;group&gt;</string>
		</dict>
		<key>C4CB2590383C42549D27CD87</key>
		<dict>
			<key>includeInIndex</key>
			<string>1</string>
			<key>isa</key>
			<string>PBXFileReference</string>
			<key>lastKnownFileType</key>
			<string>sourcecode.c.h</string>
			<key>name</key>
			<string>AFXMLRequestOperation.h</string>
			<key>path</key>
			<string>AFNetworking/AFXMLRequestOperation.h</string>
			<key>sourceTree</key>
			<string>&lt;group&gt;</string>
		</dict>
		<key>C853B2570F1048548194D9B1</key>
		<dict>
			<key>includeInIndex</key>
			<string>1</string>
			<key>isa</key>
			<string>PBXFileReference</string>
			<key>lastKnownFileType</key>
			<string>sourcecode.c.h</string>
			<key>name</key>
			<string>RKStringTokenizer.h</string>
			<key>path</key>
			<string>RestKit/Support/RKStringTokenizer.h</string>
			<key>sourceTree</key>
			<string>&lt;group&gt;</string>
		</dict>
		<key>C91AE0CFAA414C2FAF3ED8CC</key>
		<dict>
			<key>includeInIndex</key>
			<string>1</string>
			<key>isa</key>
			<string>PBXFileReference</string>
			<key>lastKnownFileType</key>
			<string>sourcecode.c.h</string>
			<key>path</key>
			<string>____Pods-NVSlideMenuController-prefix.h</string>
			<key>sourceTree</key>
			<string>&lt;group&gt;</string>
		</dict>
		<key>D07938ACF4F0401D8DF3B59D</key>
		<dict>
			<key>isa</key>
			<string>PBXFileReference</string>
			<key>lastKnownFileType</key>
			<string>wrapper.framework</string>
			<key>name</key>
			<string>CoreData.framework</string>
			<key>path</key>
			<string>System/Library/Frameworks/CoreData.framework</string>
			<key>sourceTree</key>
			<string>SDKROOT</string>
		</dict>
		<key>D276A72B10B749AE992ED25D</key>
		<dict>
			<key>includeInIndex</key>
			<string>1</string>
			<key>isa</key>
			<string>PBXFileReference</string>
			<key>lastKnownFileType</key>
			<string>sourcecode.c.h</string>
			<key>name</key>
			<string>LCLNSLog_RK.h</string>
			<key>path</key>
			<string>Vendor/LibComponentLogging/NSLog/LCLNSLog_RK.h</string>
			<key>sourceTree</key>
			<string>&lt;group&gt;</string>
		</dict>
		<key>D3128B6693714BBE8AB18FBD</key>
		<dict>
			<key>buildConfigurations</key>
			<array>
				<string>F92F3EDE65C846E5B25230F5</string>
				<string>FC673FE1B43146F29268D949</string>
			</array>
			<key>defaultConfigurationIsVisible</key>
			<string>0</string>
			<key>defaultConfigurationName</key>
			<string>Release</string>
			<key>isa</key>
			<string>XCConfigurationList</string>
		</dict>
		<key>D3B4071B19D44C9BB73164F4</key>
		<dict>
			<key>includeInIndex</key>
			<string>1</string>
			<key>isa</key>
			<string>PBXFileReference</string>
			<key>lastKnownFileType</key>
			<string>sourcecode.c.h</string>
			<key>name</key>
			<string>TransitionKit.h</string>
			<key>path</key>
			<string>TransitionKit/TransitionKit.h</string>
			<key>sourceTree</key>
			<string>&lt;group&gt;</string>
		</dict>
		<key>D3CF59DA8AB744F2B7C74C1A</key>
		<dict>
			<key>children</key>
			<array>
				<string>7CC1EBAC9E7F472295529BC7</string>
				<string>812942AAC91D483EBC3AE7B7</string>
				<string>2BDF7C9A49B148D08FF44A0A</string>
				<string>0410B6D68D9A4EB68534984D</string>
				<string>FAD85FDE11CA437C8C0A23D2</string>
				<string>9E86C4896D3E4C5DA8584567</string>
				<string>7BA0DACFF2564475954B72B2</string>
				<string>FA53524841C54BCAAD3C1F0D</string>
				<string>96EDE396D44F491181EADFB2</string>
				<string>A5F61CC808C342929F1581BF</string>
				<string>850A5CF34B3A45F99CE7A7D6</string>
				<string>101F93F1D64C4840B108A220</string>
				<string>E3C90C6332CC493DBD4A2E72</string>
				<string>21860D6539D24786AC19C35E</string>
				<string>7A9E0669FE894AA1BECA0F02</string>
				<string>4BCBCC1A4AE442BC9FC1AA61</string>
				<string>1292EF86E41B458484B54637</string>
				<string>FC0A5354A1DB43FAA2DDB031</string>
				<string>94B77033F0524505B41EB658</string>
				<string>EBB75CBDCF3541D9AEA1AD05</string>
				<string>F9A7941BAECE4CF38F253E87</string>
				<string>01B59B0F16144F2484CF5177</string>
				<string>3862EC785B654AABB0D7C077</string>
				<string>B73B009997A4436A8B670F8C</string>
				<string>D600C14A1D9C4C89A32E9CA0</string>
				<string>5DEE4B355EEB4F7BB34C53B0</string>
				<string>016B17C2E78B44CB8CC71574</string>
				<string>F585FDC734674F85818BEA1E</string>
				<string>F10D0AEAD9D7450FA170E636</string>
				<string>52F9B917C1CC410CB7479A3A</string>
			</array>
			<key>isa</key>
			<string>PBXGroup</string>
			<key>name</key>
			<string>Resources</string>
			<key>path</key>
			<string>resources</string>
			<key>sourceTree</key>
			<string>&lt;group&gt;</string>
		</dict>
		<key>D55AB90AF2294466853C6A9A</key>
		<dict>
			<key>includeInIndex</key>
			<string>1</string>
			<key>isa</key>
			<string>PBXFileReference</string>
			<key>lastKnownFileType</key>
			<string>sourcecode.c.objc</string>
			<key>path</key>
			<string>Stubs.m</string>
			<key>sourceTree</key>
			<string>&lt;group&gt;</string>
		</dict>
		<key>D600C14A1D9C4C89A32E9CA0</key>
		<dict>
			<key>includeInIndex</key>
			<string>1</string>
			<key>isa</key>
			<string>PBXFileReference</string>
			<key>path</key>
			<string>Sarnie@2x.png</string>
			<key>sourceTree</key>
			<string>&lt;group&gt;</string>
		</dict>
		<key>D692DBB71DA54750817994C8</key>
		<dict>
			<key>includeInIndex</key>
			<string>1</string>
			<key>isa</key>
			<string>PBXFileReference</string>
			<key>lastKnownFileType</key>
			<string>sourcecode.c.h</string>
			<key>name</key>
			<string>RKMapping.h</string>
			<key>path</key>
			<string>RestKit/ObjectMapping/RKMapping.h</string>
			<key>sourceTree</key>
			<string>&lt;group&gt;</string>
		</dict>
		<key>D746CEA4D2454609A5CE7302</key>
		<dict>
			<key>includeInIndex</key>
			<string>1</string>
			<key>isa</key>
			<string>PBXFileReference</string>
			<key>lastKnownFileType</key>
			<string>sourcecode.c.h</string>
			<key>name</key>
			<string>RKMapperOperation.h</string>
			<key>path</key>
			<string>RestKit/ObjectMapping/RKMapperOperation.h</string>
			<key>sourceTree</key>
			<string>&lt;group&gt;</string>
		</dict>
		<key>D90362D0105146398C2EAE99</key>
		<dict>
			<key>includeInIndex</key>
			<string>1</string>
			<key>isa</key>
			<string>PBXFileReference</string>
			<key>lastKnownFileType</key>
			<string>sourcecode.c.h</string>
			<key>name</key>
			<string>RKManagedObjectMappingOperationDataSource.h</string>
			<key>path</key>
			<string>RestKit/CoreData/RKManagedObjectMappingOperationDataSource.h</string>
			<key>sourceTree</key>
			<string>&lt;group&gt;</string>
		</dict>
		<key>DC068F3353334744B9B123A4</key>
		<dict>
			<key>includeInIndex</key>
			<string>1</string>
			<key>isa</key>
			<string>PBXFileReference</string>
			<key>lastKnownFileType</key>
			<string>sourcecode.c.h</string>
			<key>name</key>
			<string>RKPropertyInspector+CoreData.h</string>
			<key>path</key>
			<string>RestKit/CoreData/RKPropertyInspector+CoreData.h</string>
			<key>sourceTree</key>
			<string>&lt;group&gt;</string>
		</dict>
		<key>E3C90C6332CC493DBD4A2E72</key>
		<dict>
			<key>includeInIndex</key>
			<string>1</string>
			<key>isa</key>
			<string>PBXFileReference</string>
			<key>path</key>
			<string>887-notepad.png</string>
			<key>sourceTree</key>
			<string>&lt;group&gt;</string>
		</dict>
		<key>E61B5899CC9E4FEB84197A81</key>
		<dict>
			<key>includeInIndex</key>
			<string>1</string>
			<key>isa</key>
			<string>PBXFileReference</string>
			<key>lastKnownFileType</key>
			<string>sourcecode.c.h</string>
			<key>name</key>
			<string>RKOperationStateMachine.h</string>
			<key>path</key>
			<string>RestKit/Support/RKOperationStateMachine.h</string>
			<key>sourceTree</key>
			<string>&lt;group&gt;</string>
		</dict>
		<key>E73639F646D6400BA7C3F534</key>
		<dict>
			<key>includeInIndex</key>
			<string>1</string>
			<key>isa</key>
			<string>PBXFileReference</string>
			<key>lastKnownFileType</key>
			<string>sourcecode.c.h</string>
			<key>name</key>
			<string>NVSlideMenuController.h</string>
			<key>path</key>
			<string>NVSlideMenuController/NVSlideMenuController.h</string>
			<key>sourceTree</key>
			<string>&lt;group&gt;</string>
		</dict>
		<key>EA9F284D1FA6493895DAFA17</key>
		<dict>
			<key>includeInIndex</key>
			<string>1</string>
			<key>isa</key>
			<string>PBXFileReference</string>
			<key>lastKnownFileType</key>
			<string>sourcecode.c.h</string>
			<key>name</key>
			<string>RKErrorMessage.h</string>
			<key>path</key>
			<string>RestKit/ObjectMapping/RKErrorMessage.h</string>
			<key>sourceTree</key>
			<string>&lt;group&gt;</string>
		</dict>
		<key>EBB75CBDCF3541D9AEA1AD05</key>
		<dict>
			<key>includeInIndex</key>
			<string>1</string>
			<key>isa</key>
			<string>PBXFileReference</string>
			<key>path</key>
			<string>completato@2x.png</string>
			<key>sourceTree</key>
			<string>&lt;group&gt;</string>
		</dict>
		<key>EBC848336FD744E5B8EEE880</key>
		<dict>
			<key>includeInIndex</key>
			<string>1</string>
			<key>isa</key>
			<string>PBXFileReference</string>
			<key>lastKnownFileType</key>
			<string>sourcecode.c.h</string>
			<key>name</key>
			<string>RKInMemoryManagedObjectCache.h</string>
			<key>path</key>
			<string>RestKit/CoreData/RKInMemoryManagedObjectCache.h</string>
			<key>sourceTree</key>
			<string>&lt;group&gt;</string>
		</dict>
		<key>EDDC5D2925BC44718098714B</key>
		<dict>
			<key>includeInIndex</key>
			<string>1</string>
			<key>isa</key>
			<string>PBXFileReference</string>
			<key>lastKnownFileType</key>
			<string>sourcecode.c.h</string>
			<key>path</key>
			<string>____Pods-TransitionKit-prefix.h</string>
			<key>sourceTree</key>
			<string>&lt;group&gt;</string>
		</dict>
		<key>EDDEAB9FA4B94709AD88B522</key>
		<dict>
			<key>includeInIndex</key>
			<string>1</string>
			<key>isa</key>
			<string>PBXFileReference</string>
			<key>lastKnownFileType</key>
			<string>sourcecode.c.h</string>
			<key>name</key>
			<string>RKRouter.h</string>
			<key>path</key>
			<string>RestKit/Network/RKRouter.h</string>
			<key>sourceTree</key>
			<string>&lt;group&gt;</string>
		</dict>
		<key>EE5A308A960343919C39E611</key>
		<dict>
			<key>includeInIndex</key>
			<string>1</string>
			<key>isa</key>
			<string>PBXFileReference</string>
			<key>lastKnownFileType</key>
			<string>sourcecode.c.h</string>
			<key>name</key>
			<string>RKMIMETypeSerialization.h</string>
			<key>path</key>
			<string>RestKit/Support/RKMIMETypeSerialization.h</string>
			<key>sourceTree</key>
			<string>&lt;group&gt;</string>
		</dict>
		<key>EF4775B8DF1B4FB2A0947E7B</key>
		<dict>
			<key>includeInIndex</key>
			<string>1</string>
			<key>isa</key>
			<string>PBXFileReference</string>
			<key>lastKnownFileType</key>
			<string>sourcecode.c.h</string>
			<key>name</key>
			<string>RKPropertyMapping.h</string>
			<key>path</key>
			<string>RestKit/ObjectMapping/RKPropertyMapping.h</string>
			<key>sourceTree</key>
			<string>&lt;group&gt;</string>
		</dict>
		<key>F10D0AEAD9D7450FA170E636</key>
		<dict>
			<key>includeInIndex</key>
			<string>1</string>
			<key>isa</key>
			<string>PBXFileReference</string>
			<key>name</key>
			<string>MainPhone.storyboard</string>
			<key>path</key>
			<string>it.lproj/MainPhone.storyboard</string>
			<key>sourceTree</key>
			<string>&lt;group&gt;</string>
		</dict>
		<key>F3B0A7B923334753A2CAA368</key>
		<dict>
			<key>includeInIndex</key>
			<string>1</string>
			<key>isa</key>
			<string>PBXFileReference</string>
			<key>lastKnownFileType</key>
			<string>sourcecode.c.h</string>
			<key>name</key>
			<string>RKObjectMapping.h</string>
			<key>path</key>
			<string>RestKit/ObjectMapping/RKObjectMapping.h</string>
			<key>sourceTree</key>
			<string>&lt;group&gt;</string>
		</dict>
		<key>F42345FFAC704CDD8D7C15A6</key>
		<dict>
			<key>includeInIndex</key>
			<string>1</string>
			<key>isa</key>
			<string>PBXFileReference</string>
			<key>lastKnownFileType</key>
			<string>sourcecode.c.h</string>
			<key>name</key>
			<string>RKObjectManager.h</string>
			<key>path</key>
			<string>RestKit/Network/RKObjectManager.h</string>
			<key>sourceTree</key>
			<string>&lt;group&gt;</string>
		</dict>
		<key>F585FDC734674F85818BEA1E</key>
		<dict>
			<key>includeInIndex</key>
			<string>1</string>
			<key>isa</key>
			<string>PBXFileReference</string>
			<key>name</key>
			<string>Main.storyboard</string>
			<key>path</key>
			<string>it.lproj/Main.storyboard</string>
			<key>sourceTree</key>
			<string>&lt;group&gt;</string>
		</dict>
		<key>F58C58B8A4A04B3C92AB3E4C</key>
		<dict>
			<key>includeInIndex</key>
			<string>1</string>
			<key>isa</key>
			<string>PBXFileReference</string>
			<key>lastKnownFileType</key>
			<string>sourcecode.c.h</string>
			<key>name</key>
			<string>RKPropertyInspector.h</string>
			<key>path</key>
			<string>RestKit/ObjectMapping/RKPropertyInspector.h</string>
			<key>sourceTree</key>
			<string>&lt;group&gt;</string>
		</dict>
		<key>F92F3EDE65C846E5B25230F5</key>
		<dict>
			<key>buildSettings</key>
			<dict>
				<key>ALWAYS_SEARCH_USER_PATHS</key>
				<string>NO</string>
				<key>COPY_PHASE_STRIP</key>
				<string>YES</string>
				<key>DSTROOT</key>
				<string>/tmp/xcodeproj.dst</string>
				<key>GCC_C_LANGUAGE_STANDARD</key>
				<string>gnu99</string>
				<key>GCC_PRECOMPILE_PREFIX_HEADER</key>
				<string>YES</string>
				<key>GCC_VERSION</key>
				<string>com.apple.compilers.llvm.clang.1_0</string>
				<key>INSTALL_PATH</key>
				<string>$(BUILT_PRODUCTS_DIR)</string>
				<key>IPHONEOS_DEPLOYMENT_TARGET</key>
				<string>4.3</string>
				<key>OTHER_CFLAGS</key>
				<array>
					<string>-DNS_BLOCK_ASSERTIONS=1</string>
					<string>$(inherited)</string>
				</array>
				<key>OTHER_CPLUSPLUSFLAGS</key>
				<array>
					<string>-DNS_BLOCK_ASSERTIONS=1</string>
					<string>$(inherited)</string>
				</array>
				<key>OTHER_LDFLAGS</key>
				<string></string>
				<key>PRODUCT_NAME</key>
				<string>$(TARGET_NAME)</string>
				<key>PUBLIC_HEADERS_FOLDER_PATH</key>
				<string>$(TARGET_NAME)</string>
				<key>SDKROOT</key>
				<string>iphoneos</string>
				<key>SKIP_INSTALL</key>
				<string>YES</string>
				<key>VALIDATE_PRODUCT</key>
				<string>YES</string>
			</dict>
			<key>isa</key>
			<string>XCBuildConfiguration</string>
			<key>name</key>
			<string>Release</string>
		</dict>
		<key>F9A7941BAECE4CF38F253E87</key>
		<dict>
			<key>includeInIndex</key>
			<string>1</string>
			<key>isa</key>
			<string>PBXFileReference</string>
			<key>path</key>
			<string>Default-568h@2x.png</string>
			<key>sourceTree</key>
			<string>&lt;group&gt;</string>
		</dict>
		<key>FA53524841C54BCAAD3C1F0D</key>
		<dict>
			<key>includeInIndex</key>
			<string>1</string>
			<key>isa</key>
			<string>PBXFileReference</string>
			<key>path</key>
			<string>826-money-1-selected@2x.png</string>
			<key>sourceTree</key>
			<string>&lt;group&gt;</string>
		</dict>
		<key>FAC4AA69CD814E568A9C4D13</key>
		<dict>
			<key>includeInIndex</key>
			<string>1</string>
			<key>isa</key>
			<string>PBXFileReference</string>
			<key>lastKnownFileType</key>
			<string>sourcecode.c.h</string>
			<key>name</key>
			<string>RKRelationshipConnectionOperation.h</string>
			<key>path</key>
			<string>RestKit/CoreData/RKRelationshipConnectionOperation.h</string>
			<key>sourceTree</key>
			<string>&lt;group&gt;</string>
		</dict>
		<key>FAD85FDE11CA437C8C0A23D2</key>
		<dict>
			<key>includeInIndex</key>
			<string>1</string>
			<key>isa</key>
			<string>PBXFileReference</string>
			<key>path</key>
			<string>803-large-house.png</string>
			<key>sourceTree</key>
			<string>&lt;group&gt;</string>
		</dict>
		<key>FC0A5354A1DB43FAA2DDB031</key>
		<dict>
			<key>includeInIndex</key>
			<string>1</string>
			<key>isa</key>
			<string>PBXFileReference</string>
			<key>path</key>
			<string>Background-MidLayer@2x.png</string>
			<key>sourceTree</key>
			<string>&lt;group&gt;</string>
		</dict>
		<key>FC673FE1B43146F29268D949</key>
		<dict>
			<key>buildSettings</key>
			<dict>
				<key>ALWAYS_SEARCH_USER_PATHS</key>
				<string>NO</string>
				<key>COPY_PHASE_STRIP</key>
				<string>NO</string>
				<key>DSTROOT</key>
				<string>/tmp/xcodeproj.dst</string>
				<key>GCC_C_LANGUAGE_STANDARD</key>
				<string>gnu99</string>
				<key>GCC_DYNAMIC_NO_PIC</key>
				<string>NO</string>
				<key>GCC_OPTIMIZATION_LEVEL</key>
				<string>0</string>
				<key>GCC_PRECOMPILE_PREFIX_HEADER</key>
				<string>YES</string>
				<key>GCC_PREPROCESSOR_DEFINITIONS</key>
				<array>
					<string>DEBUG=1</string>
					<string>$(inherited)</string>
				</array>
				<key>GCC_SYMBOLS_PRIVATE_EXTERN</key>
				<string>NO</string>
				<key>GCC_VERSION</key>
				<string>com.apple.compilers.llvm.clang.1_0</string>
				<key>INSTALL_PATH</key>
				<string>$(BUILT_PRODUCTS_DIR)</string>
				<key>IPHONEOS_DEPLOYMENT_TARGET</key>
				<string>4.3</string>
				<key>OTHER_LDFLAGS</key>
				<string></string>
				<key>PRODUCT_NAME</key>
				<string>$(TARGET_NAME)</string>
				<key>PUBLIC_HEADERS_FOLDER_PATH</key>
				<string>$(TARGET_NAME)</string>
				<key>SDKROOT</key>
				<string>iphoneos</string>
				<key>SKIP_INSTALL</key>
				<string>YES</string>
			</dict>
			<key>isa</key>
			<string>XCBuildConfiguration</string>
			<key>name</key>
			<string>Debug</string>
		</dict>
		<key>FD8992DC6DC84D9CA352C250</key>
		<dict>
			<key>includeInIndex</key>
			<string>1</string>
			<key>isa</key>
			<string>PBXFileReference</string>
			<key>lastKnownFileType</key>
			<string>sourcecode.c.h</string>
			<key>name</key>
			<string>RKMacros.h</string>
			<key>path</key>
			<string>RestKit/Support/RKMacros.h</string>
			<key>sourceTree</key>
			<string>&lt;group&gt;</string>
		</dict>
		<key>FE07D1D6DD0D46AFB9AA7CAC</key>
		<dict>
			<key>includeInIndex</key>
			<string>1</string>
			<key>isa</key>
			<string>PBXFileReference</string>
			<key>lastKnownFileType</key>
			<string>sourcecode.c.h</string>
			<key>name</key>
			<string>RKObjectRequestOperation.h</string>
			<key>path</key>
			<string>RestKit/Network/RKObjectRequestOperation.h</string>
			<key>sourceTree</key>
			<string>&lt;group&gt;</string>
		</dict>
	</dict>
	<key>rootObject</key>
	<string>04F6E58646064F72BADC4100</string>
</dict>
</plist>
